PODS:
  - flutter_monero (0.0.1):
    - flutter_monero/Boost (= 0.0.1)
    - flutter_monero/Crypto (= 0.0.1)
    - flutter_monero/Iconv (= 0.0.1)
    - flutter_monero/Monero (= 0.0.1)
    - flutter_monero/Ssl (= 0.0.1)
    - flutter_monero/Unbound (= 0.0.1)
    - flutter_monero/Zmq (= 0.0.1)
    - FlutterMacOS
  - flutter_monero/Boost (0.0.1):
    - FlutterMacOS
  - flutter_monero/Crypto (0.0.1):
    - FlutterMacOS
  - flutter_monero/Iconv (0.0.1):
    - FlutterMacOS
  - flutter_monero/Monero (0.0.1):
    - FlutterMacOS
  - flutter_monero/Ssl (0.0.1):
    - FlutterMacOS
  - flutter_monero/Unbound (0.0.1):
    - FlutterMacOS
  - flutter_monero/Zmq (0.0.1):
    - FlutterMacOS
  - FlutterMacOS (1.0.0)
  - path_provider_foundation (0.0.1):
    - Flutter
    - FlutterMacOS

DEPENDENCIES:
  - flutter_monero (from `Flutter/ephemeral/.symlinks/plugins/flutter_monero/macos`)
  - FlutterMacOS (from `Flutter/ephemeral`)
  - path_provider_foundation (from `Flutter/ephemeral/.symlinks/plugins/path_provider_foundation/darwin`)

EXTERNAL SOURCES:
  flutter_monero:
    :path: Flutter/ephemeral/.symlinks/plugins/flutter_monero/macos
  FlutterMacOS:
    :path: Flutter/ephemeral
  path_provider_foundation:
    :path: Flutter/ephemeral/.symlinks/plugins/path_provider_foundation/darwin

SPEC CHECKSUMS:
  flutter_monero: d28b55635486301310b2bb4c302f4e572f669a39
  FlutterMacOS: 8f6f14fa908a6fb3fba0cd85dbd81ec4b251fb24
  path_provider_foundation: eaf5b3e458fc0e5fbb9940fb09980e853fe058b8

PODFILE CHECKSUM: 353c8bcc5d5b0994e508d035b5431cfe18c1dea7

COCOAPODS: 1.12.1
